
Microsoft Visual Studio Solution File, Format Version 12.00
# Visual Studio 15
VisualStudioVersion = 15.0.28010.2041
MinimumVisualStudioVersion = 10.0.40219.1
Project("{8BC9CEB8-8B4A-11D0-8D11-00A0C91BC942}") = "how_to_make_files", "how_to_make_files\how_to_make_files.vcxproj", "{AB1465AB-C51D-440B-BB5A-BC0A3AD7BD09}"
	ProjectSection(ProjectDependencies) = postProject
		{0F3EF5DC-4A12-46B9-A0CA-DF0B78920165} = {0F3EF5DC-4A12-46B9-A0CA-DF0B78920165}
	EndProjectSection
EndProject
Project("{8BC9CEB8-8B4A-11D0-8D11-00A0C91BC942}") = "Project_A", "Project_A\Project_A.vcxproj", "{0F3EF5DC-4A12-46B9-A0CA-DF0B78920165}"
EndProject
Global
	GlobalSection(SolutionConfigurationPlatforms) = preSolution
		Debug|x64 = Debug|x64
		Debug|x86 = Debug|x86
		Release|x64 = Release|x64
		Release|x86 = Release|x86
	EndGlobalSection
	GlobalSection(ProjectConfigurationPlatforms) = postSolution
		{AB1465AB-C51D-440B-BB5A-BC0A3AD7BD09}.Debug|x64.ActiveCfg = Debug|x64
		{AB1465AB-C51D-440B-BB5A-BC0A3AD7BD09}.Debug|x64.Build.0 = Debug|x64
		{AB1465AB-C51D-440B-BB5A-BC0A3AD7BD09}.Debug|x86.ActiveCfg = Debug|Win32
		{AB1465AB-C51D-440B-BB5A-BC0A3AD7BD09}.Debug|x86.Build.0 = Debug|Win32
		{AB1465AB-C51D-440B-BB5A-BC0A3AD7BD09}.Release|x64.ActiveCfg = Release|x64
		{AB1465AB-C51D-440B-BB5A-BC0A3AD7BD09}.Release|x64.Build.0 = Release|x64
		{AB1465AB-C51D-440B-BB5A-BC0A3AD7BD09}.Release|x86.ActiveCfg = Release|Win32
		{AB1465AB-C51D-440B-BB5A-BC0A3AD7BD09}.Release|x86.Build.0 = Release|Win32
		{0F3EF5DC-4A12-46B9-A0CA-DF0B78920165}.Debug|x64.ActiveCfg = Debug|x64
		{0F3EF5DC-4A12-46B9-A0CA-DF0B78920165}.Debug|x64.Build.0 = Debug|x64
		{0F3EF5DC-4A12-46B9-A0CA-DF0B78920165}.Debug|x86.ActiveCfg = Debug|Win32
		{0F3EF5DC-4A12-46B9-A0CA-DF0B78920165}.Debug|x86.Build.0 = Debug|Win32
		{0F3EF5DC-4A12-46B9-A0CA-DF0B78920165}.Release|x64.ActiveCfg = Release|x64
		{0F3EF5DC-4A12-46B9-A0CA-DF0B78920165}.Release|x64.Build.0 = Release|x64
		{0F3EF5DC-4A12-46B9-A0CA-DF0B78920165}.Release|x86.ActiveCfg = Release|Win32
		{0F3EF5DC-4A12-46B9-A0CA-DF0B78920165}.Release|x86.Build.0 = Release|Win32
	EndGlobalSection
	GlobalSection(SolutionProperties) = preSolution
		HideSolutionNode = FALSE
	EndGlobalSection
	GlobalSection(ExtensibilityGlobals) = postSolution
		SolutionGuid = {8A8E39C9-B874-40C8-8A78-D24B16BFB701}
	EndGlobalSection
EndGlobal
